
Microsoft Visual Studio Solution File, Format Version 12.00
# Visual Studio Version 17
VisualStudioVersion = 17.8.34525.116
MinimumVisualStudioVersion = 10.0.40219.1
Project("{FAE04EC0-301F-11D3-BF4B-00C04F79EFBC}") = "ConsoleAppTeste", "ConsoleAppTeste\ConsoleAppTeste.csproj", "{03D749D6-DD54-4064-99A0-2652353E7858}"
EndProject
Global
	GlobalSection(SolutionConfigurationPlatforms) = preSolution
		Debug|Any CPU = Debug|Any CPU
		Release|Any CPU = Release|Any CPU
	EndGlobalSection
	GlobalSection(ProjectConfigurationPlatforms) = postSolution
		{03D749D6-DD54-4064-99A0-2652353E7858}.Debug|Any CPU.ActiveCfg = Debug|Any CPU
		{03D749D6-DD54-4064-99A0-2652353E7858}.Debug|Any CPU.Build.0 = Debug|Any CPU
		{03D749D6-DD54-4064-99A0-2652353E7858}.Release|Any CPU.ActiveCfg = Release|Any CPU
		{03D749D6-DD54-4064-99A0-2652353E7858}.Release|Any CPU.Build.0 = Release|Any CPU
	EndGlobalSection
	GlobalSection(SolutionProperties) = preSolution
		HideSolutionNode = FALSE
	EndGlobalSection
	GlobalSection(ExtensibilityGlobals) = postSolution
		SolutionGuid = {A50BF56F-7C0F-4F86-84C2-0AF4CAB772B2}
	EndGlobalSection
EndGlobal
